
Microsoft Visual Studio Solution File, Format Version 12.00
# Visual Studio Version 17
VisualStudioVersion = 17.3.32922.545
MinimumVisualStudioVersion = 10.0.40219.1
Project("{FAE04EC0-301F-11D3-BF4B-00C04F79EFBC}") = "Example4", "Example4\Example4.csproj", "{4AA6693F-5BC1-4772-937B-45BC9088120A}"
EndProject
Project("{FAE04EC0-301F-11D3-BF4B-00C04F79EFBC}") = "Example4.UnitTests", "Example4.UnitTests\Example4.UnitTests.csproj", "{1AE095D5-AA8A-47FE-888D-24F9A69B5D0C}"
EndProject
Project("{FAE04EC0-301F-11D3-BF4B-00C04F79EFBC}") = "Example5", "Example5\Example5.csproj", "{BDAFCA20-15B8-4237-92E2-DE4235DBF984}"
EndProject
Project("{FAE04EC0-301F-11D3-BF4B-00C04F79EFBC}") = "Example5.UnitTests", "Example5.UnitTests\Example5.UnitTests.csproj", "{FD0BCEDD-4285-4412-A66B-2AE48EBD7B8A}"
EndProject
Project("{FAE04EC0-301F-11D3-BF4B-00C04F79EFBC}") = "Example6", "Example6\Example6.csproj", "{0A5FAE41-4E62-4A14-BABF-4CE960D031DB}"
EndProject
Project("{FAE04EC0-301F-11D3-BF4B-00C04F79EFBC}") = "Example6.UnitTests", "Example6.UnitTests\Example6.UnitTests.csproj", "{9B6C812F-3F96-4507-BBCF-B00881DE884B}"
EndProject
Project("{2150E333-8FDC-42A3-9474-1A3956D46DE8}") = "1. Calculator", "1. Calculator", "{3D4EF696-D9C5-4C19-A8F1-7D43EAF2F9B8}"
EndProject
Project("{2150E333-8FDC-42A3-9474-1A3956D46DE8}") = "2. Notify", "2. Notify", "{0AD46946-F1E1-4BAC-9D59-7B6DAD293696}"
EndProject
Project("{2150E333-8FDC-42A3-9474-1A3956D46DE8}") = "3. Yandex", "3. Yandex", "{9FC94B42-4B2C-494B-B7AD-3236F100DC81}"
EndProject
Project("{2150E333-8FDC-42A3-9474-1A3956D46DE8}") = "4. BigService", "4. BigService", "{BF389130-2EF9-4FEB-B034-A0D09CA44ADC}"
EndProject
Project("{2150E333-8FDC-42A3-9474-1A3956D46DE8}") = "5. Dependency Injection", "5. Dependency Injection", "{1B7E4149-0FDF-4D6D-BC1B-27E8135D3AD5}"
EndProject
Project("{9A19103F-16F7-4668-BE54-9A1E7A4F7556}") = "Example7.UnitTests", "Example7.UnitTests\Example7.UnitTests.csproj", "{583479A6-5865-457F-BF2D-323F8D0D05C7}"
EndProject
Project("{2150E333-8FDC-42A3-9474-1A3956D46DE8}") = "6. IntegrationTest", "6. IntegrationTest", "{C75FF3F5-A43F-44A7-B6B5-4FD4DB97B4D4}"
EndProject
Project("{FAE04EC0-301F-11D3-BF4B-00C04F79EFBC}") = "Example8", "Example8\Example8.csproj", "{39BAF142-AB60-422D-BD65-C92AA69625A3}"
EndProject
Project("{FAE04EC0-301F-11D3-BF4B-00C04F79EFBC}") = "Example8.IntegrationTests", "Example8.IntegrationTests\Example8.IntegrationTests.csproj", "{EC6A26F8-5F65-4E4D-A0AD-12447E660930}"
EndProject
Project("{9A19103F-16F7-4668-BE54-9A1E7A4F7556}") = "Example7", "Example7\Example7.csproj", "{F0772003-C6F8-47DE-94FE-17719A0FF1C7}"
EndProject
Project("{9A19103F-16F7-4668-BE54-9A1E7A4F7556}") = "Calculator", "Calculator\Calculator.csproj", "{3C2AF595-21DA-4391-A1BF-CB2169F537BF}"
EndProject
Project("{9A19103F-16F7-4668-BE54-9A1E7A4F7556}") = "Calculator.UnitTests", "Calculator.UnitTests\Calculator.UnitTests.csproj", "{C54A7BDE-6785-449A-A130-2CB4F9FBCEDE}"
EndProject
Project("{FAE04EC0-301F-11D3-BF4B-00C04F79EFBC}") = "NotifyVariant1", "NotifyVariant1\NotifyVariant1.csproj", "{BA492A86-219D-4495-A56F-A5AFB6747DAA}"
EndProject
Project("{FAE04EC0-301F-11D3-BF4B-00C04F79EFBC}") = "NotifyVariant1.UnitTests", "NotifyVariant1.UnitTests\NotifyVariant1.UnitTests.csproj", "{0F9BF975-853A-4013-B879-41659D3E0920}"
EndProject
Project("{FAE04EC0-301F-11D3-BF4B-00C04F79EFBC}") = "NotifyVariant2", "NotifyVariant2\NotifyVariant2.csproj", "{D9EA407A-E6BF-429D-8B2E-3810ADC43E51}"
EndProject
Project("{FAE04EC0-301F-11D3-BF4B-00C04F79EFBC}") = "NotifyVariant2.UnitTests", "NotifyVariant2.UnitTests\NotifyVariant2.UnitTests.csproj", "{5A72F435-2E48-4FDD-8768-D5DD4AB7CD46}"
EndProject
Global
	GlobalSection(SolutionConfigurationPlatforms) = preSolution
		Debug|Any CPU = Debug|Any CPU
		Release|Any CPU = Release|Any CPU
	EndGlobalSection
	GlobalSection(ProjectConfigurationPlatforms) = postSolution
		{4AA6693F-5BC1-4772-937B-45BC9088120A}.Debug|Any CPU.ActiveCfg = Debug|Any CPU
		{4AA6693F-5BC1-4772-937B-45BC9088120A}.Debug|Any CPU.Build.0 = Debug|Any CPU
		{4AA6693F-5BC1-4772-937B-45BC9088120A}.Release|Any CPU.ActiveCfg = Release|Any CPU
		{4AA6693F-5BC1-4772-937B-45BC9088120A}.Release|Any CPU.Build.0 = Release|Any CPU
		{1AE095D5-AA8A-47FE-888D-24F9A69B5D0C}.Debug|Any CPU.ActiveCfg = Debug|Any CPU
		{1AE095D5-AA8A-47FE-888D-24F9A69B5D0C}.Debug|Any CPU.Build.0 = Debug|Any CPU
		{1AE095D5-AA8A-47FE-888D-24F9A69B5D0C}.Release|Any CPU.ActiveCfg = Release|Any CPU
		{1AE095D5-AA8A-47FE-888D-24F9A69B5D0C}.Release|Any CPU.Build.0 = Release|Any CPU
		{BDAFCA20-15B8-4237-92E2-DE4235DBF984}.Debug|Any CPU.ActiveCfg = Debug|Any CPU
		{BDAFCA20-15B8-4237-92E2-DE4235DBF984}.Debug|Any CPU.Build.0 = Debug|Any CPU
		{BDAFCA20-15B8-4237-92E2-DE4235DBF984}.Release|Any CPU.ActiveCfg = Release|Any CPU
		{BDAFCA20-15B8-4237-92E2-DE4235DBF984}.Release|Any CPU.Build.0 = Release|Any CPU
		{FD0BCEDD-4285-4412-A66B-2AE48EBD7B8A}.Debug|Any CPU.ActiveCfg = Debug|Any CPU
		{FD0BCEDD-4285-4412-A66B-2AE48EBD7B8A}.Debug|Any CPU.Build.0 = Debug|Any CPU
		{FD0BCEDD-4285-4412-A66B-2AE48EBD7B8A}.Release|Any CPU.ActiveCfg = Release|Any CPU
		{FD0BCEDD-4285-4412-A66B-2AE48EBD7B8A}.Release|Any CPU.Build.0 = Release|Any CPU
		{0A5FAE41-4E62-4A14-BABF-4CE960D031DB}.Debug|Any CPU.ActiveCfg = Debug|Any CPU
		{0A5FAE41-4E62-4A14-BABF-4CE960D031DB}.Debug|Any CPU.Build.0 = Debug|Any CPU
		{0A5FAE41-4E62-4A14-BABF-4CE960D031DB}.Release|Any CPU.ActiveCfg = Release|Any CPU
		{0A5FAE41-4E62-4A14-BABF-4CE960D031DB}.Release|Any CPU.Build.0 = Release|Any CPU
		{9B6C812F-3F96-4507-BBCF-B00881DE884B}.Debug|Any CPU.ActiveCfg = Debug|Any CPU
		{9B6C812F-3F96-4507-BBCF-B00881DE884B}.Debug|Any CPU.Build.0 = Debug|Any CPU
		{9B6C812F-3F96-4507-BBCF-B00881DE884B}.Release|Any CPU.ActiveCfg = Release|Any CPU
		{9B6C812F-3F96-4507-BBCF-B00881DE884B}.Release|Any CPU.Build.0 = Release|Any CPU
		{583479A6-5865-457F-BF2D-323F8D0D05C7}.Debug|Any CPU.ActiveCfg = Debug|Any CPU
		{583479A6-5865-457F-BF2D-323F8D0D05C7}.Debug|Any CPU.Build.0 = Debug|Any CPU
		{583479A6-5865-457F-BF2D-323F8D0D05C7}.Release|Any CPU.ActiveCfg = Release|Any CPU
		{583479A6-5865-457F-BF2D-323F8D0D05C7}.Release|Any CPU.Build.0 = Release|Any CPU
		{39BAF142-AB60-422D-BD65-C92AA69625A3}.Debug|Any CPU.ActiveCfg = Debug|Any CPU
		{39BAF142-AB60-422D-BD65-C92AA69625A3}.Debug|Any CPU.Build.0 = Debug|Any CPU
		{39BAF142-AB60-422D-BD65-C92AA69625A3}.Release|Any CPU.ActiveCfg = Release|Any CPU
		{39BAF142-AB60-422D-BD65-C92AA69625A3}.Release|Any CPU.Build.0 = Release|Any CPU
		{EC6A26F8-5F65-4E4D-A0AD-12447E660930}.Debug|Any CPU.ActiveCfg = Debug|Any CPU
		{EC6A26F8-5F65-4E4D-A0AD-12447E660930}.Debug|Any CPU.Build.0 = Debug|Any CPU
		{EC6A26F8-5F65-4E4D-A0AD-12447E660930}.Release|Any CPU.ActiveCfg = Release|Any CPU
		{EC6A26F8-5F65-4E4D-A0AD-12447E660930}.Release|Any CPU.Build.0 = Release|Any CPU
		{F0772003-C6F8-47DE-94FE-17719A0FF1C7}.Debug|Any CPU.ActiveCfg = Debug|Any CPU
		{F0772003-C6F8-47DE-94FE-17719A0FF1C7}.Debug|Any CPU.Build.0 = Debug|Any CPU
		{F0772003-C6F8-47DE-94FE-17719A0FF1C7}.Release|Any CPU.ActiveCfg = Release|Any CPU
		{F0772003-C6F8-47DE-94FE-17719A0FF1C7}.Release|Any CPU.Build.0 = Release|Any CPU
		{3C2AF595-21DA-4391-A1BF-CB2169F537BF}.Debug|Any CPU.ActiveCfg = Debug|Any CPU
		{3C2AF595-21DA-4391-A1BF-CB2169F537BF}.Debug|Any CPU.Build.0 = Debug|Any CPU
		{3C2AF595-21DA-4391-A1BF-CB2169F537BF}.Release|Any CPU.ActiveCfg = Release|Any CPU
		{3C2AF595-21DA-4391-A1BF-CB2169F537BF}.Release|Any CPU.Build.0 = Release|Any CPU
		{C54A7BDE-6785-449A-A130-2CB4F9FBCEDE}.Debug|Any CPU.ActiveCfg = Debug|Any CPU
		{C54A7BDE-6785-449A-A130-2CB4F9FBCEDE}.Debug|Any CPU.Build.0 = Debug|Any CPU
		{C54A7BDE-6785-449A-A130-2CB4F9FBCEDE}.Release|Any CPU.ActiveCfg = Release|Any CPU
		{C54A7BDE-6785-449A-A130-2CB4F9FBCEDE}.Release|Any CPU.Build.0 = Release|Any CPU
		{BA492A86-219D-4495-A56F-A5AFB6747DAA}.Debug|Any CPU.ActiveCfg = Debug|Any CPU
		{BA492A86-219D-4495-A56F-A5AFB6747DAA}.Debug|Any CPU.Build.0 = Debug|Any CPU
		{BA492A86-219D-4495-A56F-A5AFB6747DAA}.Release|Any CPU.ActiveCfg = Release|Any CPU
		{BA492A86-219D-4495-A56F-A5AFB6747DAA}.Release|Any CPU.Build.0 = Release|Any CPU
		{0F9BF975-853A-4013-B879-41659D3E0920}.Debug|Any CPU.ActiveCfg = Debug|Any CPU
		{0F9BF975-853A-4013-B879-41659D3E0920}.Debug|Any CPU.Build.0 = Debug|Any CPU
		{0F9BF975-853A-4013-B879-41659D3E0920}.Release|Any CPU.ActiveCfg = Release|Any CPU
		{0F9BF975-853A-4013-B879-41659D3E0920}.Release|Any CPU.Build.0 = Release|Any CPU
		{D9EA407A-E6BF-429D-8B2E-3810ADC43E51}.Debug|Any CPU.ActiveCfg = Debug|Any CPU
		{D9EA407A-E6BF-429D-8B2E-3810ADC43E51}.Debug|Any CPU.Build.0 = Debug|Any CPU
		{D9EA407A-E6BF-429D-8B2E-3810ADC43E51}.Release|Any CPU.ActiveCfg = Release|Any CPU
		{D9EA407A-E6BF-429D-8B2E-3810ADC43E51}.Release|Any CPU.Build.0 = Release|Any CPU
		{5A72F435-2E48-4FDD-8768-D5DD4AB7CD46}.Debug|Any CPU.ActiveCfg = Debug|Any CPU
		{5A72F435-2E48-4FDD-8768-D5DD4AB7CD46}.Debug|Any CPU.Build.0 = Debug|Any CPU
		{5A72F435-2E48-4FDD-8768-D5DD4AB7CD46}.Release|Any CPU.ActiveCfg = Release|Any CPU
		{5A72F435-2E48-4FDD-8768-D5DD4AB7CD46}.Release|Any CPU.Build.0 = Release|Any CPU
	EndGlobalSection
	GlobalSection(SolutionProperties) = preSolution
		HideSolutionNode = FALSE
	EndGlobalSection
	GlobalSection(NestedProjects) = preSolution
		{4AA6693F-5BC1-4772-937B-45BC9088120A} = {9FC94B42-4B2C-494B-B7AD-3236F100DC81}
		{1AE095D5-AA8A-47FE-888D-24F9A69B5D0C} = {9FC94B42-4B2C-494B-B7AD-3236F100DC81}
		{BDAFCA20-15B8-4237-92E2-DE4235DBF984} = {BF389130-2EF9-4FEB-B034-A0D09CA44ADC}
		{FD0BCEDD-4285-4412-A66B-2AE48EBD7B8A} = {BF389130-2EF9-4FEB-B034-A0D09CA44ADC}
		{0A5FAE41-4E62-4A14-BABF-4CE960D031DB} = {BF389130-2EF9-4FEB-B034-A0D09CA44ADC}
		{9B6C812F-3F96-4507-BBCF-B00881DE884B} = {BF389130-2EF9-4FEB-B034-A0D09CA44ADC}
		{583479A6-5865-457F-BF2D-323F8D0D05C7} = {1B7E4149-0FDF-4D6D-BC1B-27E8135D3AD5}
		{39BAF142-AB60-422D-BD65-C92AA69625A3} = {C75FF3F5-A43F-44A7-B6B5-4FD4DB97B4D4}
		{EC6A26F8-5F65-4E4D-A0AD-12447E660930} = {C75FF3F5-A43F-44A7-B6B5-4FD4DB97B4D4}
		{F0772003-C6F8-47DE-94FE-17719A0FF1C7} = {1B7E4149-0FDF-4D6D-BC1B-27E8135D3AD5}
		{3C2AF595-21DA-4391-A1BF-CB2169F537BF} = {3D4EF696-D9C5-4C19-A8F1-7D43EAF2F9B8}
		{C54A7BDE-6785-449A-A130-2CB4F9FBCEDE} = {3D4EF696-D9C5-4C19-A8F1-7D43EAF2F9B8}
		{BA492A86-219D-4495-A56F-A5AFB6747DAA} = {0AD46946-F1E1-4BAC-9D59-7B6DAD293696}
		{0F9BF975-853A-4013-B879-41659D3E0920} = {0AD46946-F1E1-4BAC-9D59-7B6DAD293696}
		{D9EA407A-E6BF-429D-8B2E-3810ADC43E51} = {0AD46946-F1E1-4BAC-9D59-7B6DAD293696}
		{5A72F435-2E48-4FDD-8768-D5DD4AB7CD46} = {0AD46946-F1E1-4BAC-9D59-7B6DAD293696}
	EndGlobalSection
	GlobalSection(ExtensibilityGlobals) = postSolution
		SolutionGuid = {1AB58592-6E64-4A24-B4D3-587CB777F860}
	EndGlobalSection
EndGlobal
