
Microsoft Visual Studio Solution File, Format Version 12.00
# Visual Studio Version 17
VisualStudioVersion = 17.3.32922.545
MinimumVisualStudioVersion = 10.0.40219.1
Project("{2150E333-8FDC-42A3-9474-1A3956D46DE8}") = "1. Calculator", "1. Calculator", "{3D4EF696-D9C5-4C19-A8F1-7D43EAF2F9B8}"
EndProject
Project("{2150E333-8FDC-42A3-9474-1A3956D46DE8}") = "2. Notify", "2. Notify", "{0AD46946-F1E1-4BAC-9D59-7B6DAD293696}"
EndProject
Project("{2150E333-8FDC-42A3-9474-1A3956D46DE8}") = "3. Yandex", "3. Yandex", "{9FC94B42-4B2C-494B-B7AD-3236F100DC81}"
EndProject
Project("{2150E333-8FDC-42A3-9474-1A3956D46DE8}") = "4. BigService", "4. BigService", "{BF389130-2EF9-4FEB-B034-A0D09CA44ADC}"
EndProject
Project("{2150E333-8FDC-42A3-9474-1A3956D46DE8}") = "5. Dependency Injection", "5. Dependency Injection", "{1B7E4149-0FDF-4D6D-BC1B-27E8135D3AD5}"
EndProject
Project("{2150E333-8FDC-42A3-9474-1A3956D46DE8}") = "7. IntegrationTest", "7. IntegrationTest", "{C75FF3F5-A43F-44A7-B6B5-4FD4DB97B4D4}"
EndProject
Project("{9A19103F-16F7-4668-BE54-9A1E7A4F7556}") = "Calculator", "Calculator\Calculator.csproj", "{3C2AF595-21DA-4391-A1BF-CB2169F537BF}"
EndProject
Project("{9A19103F-16F7-4668-BE54-9A1E7A4F7556}") = "Calculator.UnitTests", "Calculator.UnitTests\Calculator.UnitTests.csproj", "{C54A7BDE-6785-449A-A130-2CB4F9FBCEDE}"
EndProject
Project("{9A19103F-16F7-4668-BE54-9A1E7A4F7556}") = "NotifyVariant1", "NotifyVariant1\NotifyVariant1.csproj", "{BA492A86-219D-4495-A56F-A5AFB6747DAA}"
EndProject
Project("{9A19103F-16F7-4668-BE54-9A1E7A4F7556}") = "NotifyVariant1.UnitTests", "NotifyVariant1.UnitTests\NotifyVariant1.UnitTests.csproj", "{0F9BF975-853A-4013-B879-41659D3E0920}"
EndProject
Project("{9A19103F-16F7-4668-BE54-9A1E7A4F7556}") = "NotifyVariant2", "NotifyVariant2\NotifyVariant2.csproj", "{D9EA407A-E6BF-429D-8B2E-3810ADC43E51}"
EndProject
Project("{9A19103F-16F7-4668-BE54-9A1E7A4F7556}") = "NotifyVariant2.UnitTests", "NotifyVariant2.UnitTests\NotifyVariant2.UnitTests.csproj", "{5A72F435-2E48-4FDD-8768-D5DD4AB7CD46}"
EndProject
Project("{9A19103F-16F7-4668-BE54-9A1E7A4F7556}") = "Yandex", "Yandex\Yandex.csproj", "{E2B278BA-F098-4C08-90AB-7DC8B47474AD}"
EndProject
Project("{9A19103F-16F7-4668-BE54-9A1E7A4F7556}") = "Yandex.UnitTests", "Yandex.UnitTests\Yandex.UnitTests.csproj", "{6D1C3A08-29D3-469F-8DB1-C42366159D80}"
EndProject
Project("{9A19103F-16F7-4668-BE54-9A1E7A4F7556}") = "BigService", "BigService\BigService.csproj", "{A4A011EB-E973-4218-9EE5-7F4173C9F38A}"
EndProject
Project("{9A19103F-16F7-4668-BE54-9A1E7A4F7556}") = "BigServiceVariant1.UnitTests", "BigServiceVariant1.UnitTests\BigServiceVariant1.UnitTests.csproj", "{6EBDE1AA-D3D8-44D2-8565-8983AA40CDE8}"
EndProject
Project("{9A19103F-16F7-4668-BE54-9A1E7A4F7556}") = "BigServiceVariant2.UnitTests", "BigServiceVariant2.UnitTests\BigServiceVariant2.UnitTests.csproj", "{AC44E966-9A74-4D8D-BE57-801C9A648ED4}"
EndProject
Project("{9A19103F-16F7-4668-BE54-9A1E7A4F7556}") = "DependencyInjection", "DependencyInjection\DependencyInjection.csproj", "{FC87E58E-E576-4444-B0F3-FFF1B29E7CE8}"
EndProject
Project("{9A19103F-16F7-4668-BE54-9A1E7A4F7556}") = "DependencyInjection.UnitTests", "DependencyInjection.UnitTests\DependencyInjection.UnitTests.csproj", "{419D13E1-2AA1-45FA-A836-C6526780234A}"
EndProject
Project("{9A19103F-16F7-4668-BE54-9A1E7A4F7556}") = "HttpSender", "HttpSender\HttpSender.csproj", "{B7FE2096-CBEE-4658-9AB5-0EAF43D57A52}"
EndProject
Project("{9A19103F-16F7-4668-BE54-9A1E7A4F7556}") = "HttpSender.IntegrationTests", "HttpSender.IntegrationTests\HttpSender.IntegrationTests.csproj", "{6B4C4F9E-77AE-4DA7-B114-83DAE885E41D}"
EndProject
Project("{2150E333-8FDC-42A3-9474-1A3956D46DE8}") = "6. Layers", "6. Layers", "{7483759B-02B8-4E59-A89C-31E87B06D2D7}"
EndProject
Project("{9A19103F-16F7-4668-BE54-9A1E7A4F7556}") = "ApplicationLayer", "ApplicationLayer\ApplicationLayer.csproj", "{03ECF9DE-DB85-4672-B728-6F203C85B687}"
EndProject
Project("{9A19103F-16F7-4668-BE54-9A1E7A4F7556}") = "DALLayer", "DALLayer\DALLayer.csproj", "{0927FFC0-420B-4107-8BB2-432E8BA227F2}"
EndProject
Global
	GlobalSection(SolutionConfigurationPlatforms) = preSolution
		Debug|Any CPU = Debug|Any CPU
		Release|Any CPU = Release|Any CPU
	EndGlobalSection
	GlobalSection(ProjectConfigurationPlatforms) = postSolution
		{3C2AF595-21DA-4391-A1BF-CB2169F537BF}.Debug|Any CPU.ActiveCfg = Debug|Any CPU
		{3C2AF595-21DA-4391-A1BF-CB2169F537BF}.Debug|Any CPU.Build.0 = Debug|Any CPU
		{3C2AF595-21DA-4391-A1BF-CB2169F537BF}.Release|Any CPU.ActiveCfg = Release|Any CPU
		{3C2AF595-21DA-4391-A1BF-CB2169F537BF}.Release|Any CPU.Build.0 = Release|Any CPU
		{C54A7BDE-6785-449A-A130-2CB4F9FBCEDE}.Debug|Any CPU.ActiveCfg = Debug|Any CPU
		{C54A7BDE-6785-449A-A130-2CB4F9FBCEDE}.Debug|Any CPU.Build.0 = Debug|Any CPU
		{C54A7BDE-6785-449A-A130-2CB4F9FBCEDE}.Release|Any CPU.ActiveCfg = Release|Any CPU
		{C54A7BDE-6785-449A-A130-2CB4F9FBCEDE}.Release|Any CPU.Build.0 = Release|Any CPU
		{BA492A86-219D-4495-A56F-A5AFB6747DAA}.Debug|Any CPU.ActiveCfg = Debug|Any CPU
		{BA492A86-219D-4495-A56F-A5AFB6747DAA}.Debug|Any CPU.Build.0 = Debug|Any CPU
		{BA492A86-219D-4495-A56F-A5AFB6747DAA}.Release|Any CPU.ActiveCfg = Release|Any CPU
		{BA492A86-219D-4495-A56F-A5AFB6747DAA}.Release|Any CPU.Build.0 = Release|Any CPU
		{0F9BF975-853A-4013-B879-41659D3E0920}.Debug|Any CPU.ActiveCfg = Debug|Any CPU
		{0F9BF975-853A-4013-B879-41659D3E0920}.Debug|Any CPU.Build.0 = Debug|Any CPU
		{0F9BF975-853A-4013-B879-41659D3E0920}.Release|Any CPU.ActiveCfg = Release|Any CPU
		{0F9BF975-853A-4013-B879-41659D3E0920}.Release|Any CPU.Build.0 = Release|Any CPU
		{D9EA407A-E6BF-429D-8B2E-3810ADC43E51}.Debug|Any CPU.ActiveCfg = Debug|Any CPU
		{D9EA407A-E6BF-429D-8B2E-3810ADC43E51}.Debug|Any CPU.Build.0 = Debug|Any CPU
		{D9EA407A-E6BF-429D-8B2E-3810ADC43E51}.Release|Any CPU.ActiveCfg = Release|Any CPU
		{D9EA407A-E6BF-429D-8B2E-3810ADC43E51}.Release|Any CPU.Build.0 = Release|Any CPU
		{5A72F435-2E48-4FDD-8768-D5DD4AB7CD46}.Debug|Any CPU.ActiveCfg = Debug|Any CPU
		{5A72F435-2E48-4FDD-8768-D5DD4AB7CD46}.Debug|Any CPU.Build.0 = Debug|Any CPU
		{5A72F435-2E48-4FDD-8768-D5DD4AB7CD46}.Release|Any CPU.ActiveCfg = Release|Any CPU
		{5A72F435-2E48-4FDD-8768-D5DD4AB7CD46}.Release|Any CPU.Build.0 = Release|Any CPU
		{E2B278BA-F098-4C08-90AB-7DC8B47474AD}.Debug|Any CPU.ActiveCfg = Debug|Any CPU
		{E2B278BA-F098-4C08-90AB-7DC8B47474AD}.Debug|Any CPU.Build.0 = Debug|Any CPU
		{E2B278BA-F098-4C08-90AB-7DC8B47474AD}.Release|Any CPU.ActiveCfg = Release|Any CPU
		{E2B278BA-F098-4C08-90AB-7DC8B47474AD}.Release|Any CPU.Build.0 = Release|Any CPU
		{6D1C3A08-29D3-469F-8DB1-C42366159D80}.Debug|Any CPU.ActiveCfg = Debug|Any CPU
		{6D1C3A08-29D3-469F-8DB1-C42366159D80}.Debug|Any CPU.Build.0 = Debug|Any CPU
		{6D1C3A08-29D3-469F-8DB1-C42366159D80}.Release|Any CPU.ActiveCfg = Release|Any CPU
		{6D1C3A08-29D3-469F-8DB1-C42366159D80}.Release|Any CPU.Build.0 = Release|Any CPU
		{A4A011EB-E973-4218-9EE5-7F4173C9F38A}.Debug|Any CPU.ActiveCfg = Debug|Any CPU
		{A4A011EB-E973-4218-9EE5-7F4173C9F38A}.Debug|Any CPU.Build.0 = Debug|Any CPU
		{A4A011EB-E973-4218-9EE5-7F4173C9F38A}.Release|Any CPU.ActiveCfg = Release|Any CPU
		{A4A011EB-E973-4218-9EE5-7F4173C9F38A}.Release|Any CPU.Build.0 = Release|Any CPU
		{6EBDE1AA-D3D8-44D2-8565-8983AA40CDE8}.Debug|Any CPU.ActiveCfg = Debug|Any CPU
		{6EBDE1AA-D3D8-44D2-8565-8983AA40CDE8}.Debug|Any CPU.Build.0 = Debug|Any CPU
		{6EBDE1AA-D3D8-44D2-8565-8983AA40CDE8}.Release|Any CPU.ActiveCfg = Release|Any CPU
		{6EBDE1AA-D3D8-44D2-8565-8983AA40CDE8}.Release|Any CPU.Build.0 = Release|Any CPU
		{AC44E966-9A74-4D8D-BE57-801C9A648ED4}.Debug|Any CPU.ActiveCfg = Debug|Any CPU
		{AC44E966-9A74-4D8D-BE57-801C9A648ED4}.Debug|Any CPU.Build.0 = Debug|Any CPU
		{AC44E966-9A74-4D8D-BE57-801C9A648ED4}.Release|Any CPU.ActiveCfg = Release|Any CPU
		{AC44E966-9A74-4D8D-BE57-801C9A648ED4}.Release|Any CPU.Build.0 = Release|Any CPU
		{FC87E58E-E576-4444-B0F3-FFF1B29E7CE8}.Debug|Any CPU.ActiveCfg = Debug|Any CPU
		{FC87E58E-E576-4444-B0F3-FFF1B29E7CE8}.Debug|Any CPU.Build.0 = Debug|Any CPU
		{FC87E58E-E576-4444-B0F3-FFF1B29E7CE8}.Release|Any CPU.ActiveCfg = Release|Any CPU
		{FC87E58E-E576-4444-B0F3-FFF1B29E7CE8}.Release|Any CPU.Build.0 = Release|Any CPU
		{419D13E1-2AA1-45FA-A836-C6526780234A}.Debug|Any CPU.ActiveCfg = Debug|Any CPU
		{419D13E1-2AA1-45FA-A836-C6526780234A}.Debug|Any CPU.Build.0 = Debug|Any CPU
		{419D13E1-2AA1-45FA-A836-C6526780234A}.Release|Any CPU.ActiveCfg = Release|Any CPU
		{419D13E1-2AA1-45FA-A836-C6526780234A}.Release|Any CPU.Build.0 = Release|Any CPU
		{B7FE2096-CBEE-4658-9AB5-0EAF43D57A52}.Debug|Any CPU.ActiveCfg = Debug|Any CPU
		{B7FE2096-CBEE-4658-9AB5-0EAF43D57A52}.Debug|Any CPU.Build.0 = Debug|Any CPU
		{B7FE2096-CBEE-4658-9AB5-0EAF43D57A52}.Release|Any CPU.ActiveCfg = Release|Any CPU
		{B7FE2096-CBEE-4658-9AB5-0EAF43D57A52}.Release|Any CPU.Build.0 = Release|Any CPU
		{6B4C4F9E-77AE-4DA7-B114-83DAE885E41D}.Debug|Any CPU.ActiveCfg = Debug|Any CPU
		{6B4C4F9E-77AE-4DA7-B114-83DAE885E41D}.Debug|Any CPU.Build.0 = Debug|Any CPU
		{6B4C4F9E-77AE-4DA7-B114-83DAE885E41D}.Release|Any CPU.ActiveCfg = Release|Any CPU
		{6B4C4F9E-77AE-4DA7-B114-83DAE885E41D}.Release|Any CPU.Build.0 = Release|Any CPU
		{03ECF9DE-DB85-4672-B728-6F203C85B687}.Debug|Any CPU.ActiveCfg = Debug|Any CPU
		{03ECF9DE-DB85-4672-B728-6F203C85B687}.Debug|Any CPU.Build.0 = Debug|Any CPU
		{03ECF9DE-DB85-4672-B728-6F203C85B687}.Release|Any CPU.ActiveCfg = Release|Any CPU
		{03ECF9DE-DB85-4672-B728-6F203C85B687}.Release|Any CPU.Build.0 = Release|Any CPU
		{0927FFC0-420B-4107-8BB2-432E8BA227F2}.Debug|Any CPU.ActiveCfg = Debug|Any CPU
		{0927FFC0-420B-4107-8BB2-432E8BA227F2}.Debug|Any CPU.Build.0 = Debug|Any CPU
		{0927FFC0-420B-4107-8BB2-432E8BA227F2}.Release|Any CPU.ActiveCfg = Release|Any CPU
		{0927FFC0-420B-4107-8BB2-432E8BA227F2}.Release|Any CPU.Build.0 = Release|Any CPU
	EndGlobalSection
	GlobalSection(SolutionProperties) = preSolution
		HideSolutionNode = FALSE
	EndGlobalSection
	GlobalSection(NestedProjects) = preSolution
		{3C2AF595-21DA-4391-A1BF-CB2169F537BF} = {3D4EF696-D9C5-4C19-A8F1-7D43EAF2F9B8}
		{C54A7BDE-6785-449A-A130-2CB4F9FBCEDE} = {3D4EF696-D9C5-4C19-A8F1-7D43EAF2F9B8}
		{BA492A86-219D-4495-A56F-A5AFB6747DAA} = {0AD46946-F1E1-4BAC-9D59-7B6DAD293696}
		{0F9BF975-853A-4013-B879-41659D3E0920} = {0AD46946-F1E1-4BAC-9D59-7B6DAD293696}
		{D9EA407A-E6BF-429D-8B2E-3810ADC43E51} = {0AD46946-F1E1-4BAC-9D59-7B6DAD293696}
		{5A72F435-2E48-4FDD-8768-D5DD4AB7CD46} = {0AD46946-F1E1-4BAC-9D59-7B6DAD293696}
		{E2B278BA-F098-4C08-90AB-7DC8B47474AD} = {9FC94B42-4B2C-494B-B7AD-3236F100DC81}
		{6D1C3A08-29D3-469F-8DB1-C42366159D80} = {9FC94B42-4B2C-494B-B7AD-3236F100DC81}
		{A4A011EB-E973-4218-9EE5-7F4173C9F38A} = {BF389130-2EF9-4FEB-B034-A0D09CA44ADC}
		{6EBDE1AA-D3D8-44D2-8565-8983AA40CDE8} = {BF389130-2EF9-4FEB-B034-A0D09CA44ADC}
		{AC44E966-9A74-4D8D-BE57-801C9A648ED4} = {BF389130-2EF9-4FEB-B034-A0D09CA44ADC}
		{FC87E58E-E576-4444-B0F3-FFF1B29E7CE8} = {1B7E4149-0FDF-4D6D-BC1B-27E8135D3AD5}
		{419D13E1-2AA1-45FA-A836-C6526780234A} = {1B7E4149-0FDF-4D6D-BC1B-27E8135D3AD5}
		{B7FE2096-CBEE-4658-9AB5-0EAF43D57A52} = {C75FF3F5-A43F-44A7-B6B5-4FD4DB97B4D4}
		{6B4C4F9E-77AE-4DA7-B114-83DAE885E41D} = {C75FF3F5-A43F-44A7-B6B5-4FD4DB97B4D4}
		{03ECF9DE-DB85-4672-B728-6F203C85B687} = {7483759B-02B8-4E59-A89C-31E87B06D2D7}
		{0927FFC0-420B-4107-8BB2-432E8BA227F2} = {7483759B-02B8-4E59-A89C-31E87B06D2D7}
	EndGlobalSection
	GlobalSection(ExtensibilityGlobals) = postSolution
		SolutionGuid = {1AB58592-6E64-4A24-B4D3-587CB777F860}
	EndGlobalSection
EndGlobal
